// !$*UTF8*$!
{
	archiveVersion = 1;
	classes = {
	};
	objectVersion = 46;
	objects = {

/* Begin PBXBuildFile section */
		4FA500E11E5AB81700588FA9 /* AppDelegate.swift in Sources */ = {isa = PBXBuildFile; fileRef = 4FA500E01E5AB81700588FA9 /* AppDelegate.swift */; };
		4FA500E31E5AB81700588FA9 /* ViewController.swift in Sources */ = {isa = PBXBuildFile; fileRef = 4FA500E21E5AB81700588FA9 /* ViewController.swift */; };
		4FA500E61E5AB81700588FA9 /* Main.storyboard in Resources */ = {isa = PBXBuildFile; fileRef = 4FA500E41E5AB81700588FA9 /* Main.storyboard */; };
		4FA500E81E5AB81700588FA9 /* Assets.xcassets in Resources */ = {isa = PBXBuildFile; fileRef = 4FA500E71E5AB81700588FA9 /* Assets.xcassets */; };
		4FA500EB1E5AB81700588FA9 /* LaunchScreen.storyboard in Resources */ = {isa = PBXBuildFile; fileRef = 4FA500E91E5AB81700588FA9 /* LaunchScreen.storyboard */; };
		4FA500F61E5AB81700588FA9 /* swiftDemoUITests.swift in Sources */ = {isa = PBXBuildFile; fileRef = 4FA500F51E5AB81700588FA9 /* swiftDemoUITests.swift */; };
/* End PBXBuildFile section */

/* Begin PBXContainerItemProxy section */
		4FA500F21E5AB81700588FA9 /* PBXContainerItemProxy */ = {
			isa = PBXContainerItemProxy;
			containerPortal = 4FA500D51E5AB81700588FA9 /* Project object */;
			proxyType = 1;
			remoteGlobalIDString = 4FA500DC1E5AB81700588FA9;
			remoteInfo = swiftDemo;
		};
/* End PBXContainerItemProxy section */

/* Begin PBXFileReference section */
		4FA500DD1E5AB81700588FA9 /* swiftDemo.app */ = {isa = PBXFileReference; explicitFileType = wrapper.application; includeInIndex = 0; path = swiftDemo.app; sourceTree = BUILT_PRODUCTS_DIR; };
		4FA500E01E5AB81700588FA9 /* AppDelegate.swift */ = {isa = PBXFileReference; lastKnownFileType = sourcecode.swift; path = AppDelegate.swift; sourceTree = "<group>"; };
		4FA500E21E5AB81700588FA9 /* ViewController.swift */ = {isa = PBXFileReference; lastKnownFileType = sourcecode.swift; path = ViewController.swift; sourceTree = "<group>"; };
		4FA500E51E5AB81700588FA9 /* Base */ = {isa = PBXFileReference; lastKnownFileType = file.storyboard; name = Base; path = Base.lproj/Main.storyboard; sourceTree = "<group>"; };
		4FA500E71E5AB81700588FA9 /* Assets.xcassets */ = {isa = PBXFileReference; lastKnownFileType = folder.assetcatalog; path = Assets.xcassets; sourceTree = "<group>"; };
		4FA500EA1E5AB81700588FA9 /* Base */ = {isa = PBXFileReference; lastKnownFileType = file.storyboard; name = Base; path = Base.lproj/LaunchScreen.storyboard; sourceTree = "<group>"; };
		4FA500EC1E5AB81700588FA9 /* Info.plist */ = {isa = PBXFileReference; lastKnownFileType = text.plist.xml; path = Info.plist; sourceTree = "<group>"; };
		4FA500F11E5AB81700588FA9 /* swiftDemoUITests.xctest */ = {isa = PBXFileReference; explicitFileType = wrapper.cfbundle; includeInIndex = 0; path = swiftDemoUITests.xctest; sourceTree = BUILT_PRODUCTS_DIR; };
		4FA500F51E5AB81700588FA9 /* swiftDemoUITests.swift */ = {isa = PBXFileReference; lastKnownFileType = sourcecode.swift; path = swiftDemoUITests.swift; sourceTree = "<group>"; };
		4FA500F71E5AB81700588FA9 /* Info.plist */ = {isa = PBXFileReference; lastKnownFileType = text.plist.xml; path = Info.plist; sourceTree = "<group>"; };
/* End PBXFileReference section */

/* Begin PBXFrameworksBuildPhase section */
		4FA500DA1E5AB81700588FA9 /* Frameworks */ = {
			isa = PBXFrameworksBuildPhase;
			buildActionMask = 2147483647;
			files = (
			);
			runOnlyForDeploymentPostprocessing = 0;
		};
		4FA500EE1E5AB81700588FA9 /* Frameworks */ = {
			isa = PBXFrameworksBuildPhase;
			buildActionMask = 2147483647;
			files = (
			);
			runOnlyForDeploymentPostprocessing = 0;
		};
/* End PBXFrameworksBuildPhase section */

/* Begin PBXGroup section */
		4FA500D41E5AB81700588FA9 = {
			isa = PBXGroup;
			children = (
				4FA500DF1E5AB81700588FA9 /* swiftDemo */,
				4FA500F41E5AB81700588FA9 /* swiftDemoUITests */,
				4FA500DE1E5AB81700588FA9 /* Products */,
			);
			sourceTree = "<group>";
		};
		4FA500DE1E5AB81700588FA9 /* Products */ = {
			isa = PBXGroup;
			children = (
				4FA500DD1E5AB81700588FA9 /* swiftDemo.app */,
				4FA500F11E5AB81700588FA9 /* swiftDemoUITests.xctest */,
			);
			name = Products;
			sourceTree = "<group>";
		};
		4FA500DF1E5AB81700588FA9 /* swiftDemo */ = {
			isa = PBXGroup;
			children = (
				4FA500E01E5AB81700588FA9 /* AppDelegate.swift */,
				4FA500E21E5AB81700588FA9 /* ViewController.swift */,
				4FA500E41E5AB81700588FA9 /* Main.storyboard */,
				4FA500E71E5AB81700588FA9 /* Assets.xcassets */,
				4FA500E91E5AB81700588FA9 /* LaunchScreen.storyboard */,
				4FA500EC1E5AB81700588FA9 /* Info.plist */,
			);
			path = swiftDemo;
			sourceTree = "<group>";
		};
		4FA500F41E5AB81700588FA9 /* swiftDemoUITests */ = {
			isa = PBXGroup;
			children = (
				4FA500F51E5AB81700588FA9 /* swiftDemoUITests.swift */,
				4FA500F71E5AB81700588FA9 /* Info.plist */,
			);
			path = swiftDemoUITests;
			sourceTree = "<group>";
		};
/* End PBXGroup section */

/* Begin PBXNativeTarget section */
		4FA500DC1E5AB81700588FA9 /* swiftDemo */ = {
			isa = PBXNativeTarget;
			buildConfigurationList = 4FA500FA1E5AB81700588FA9 /* Build configuration list for PBXNativeTarget "swiftDemo" */;
			buildPhases = (
				4FA500D91E5AB81700588FA9 /* Sources */,
				4FA500DA1E5AB81700588FA9 /* Frameworks */,
				4FA500DB1E5AB81700588FA9 /* Resources */,
			);
			buildRules = (
			);
			dependencies = (
			);
			name = swiftDemo;
			productName = swiftDemo;
			productReference = 4FA500DD1E5AB81700588FA9 /* swiftDemo.app */;
			productType = "com.apple.product-type.application";
		};
		4FA500F01E5AB81700588FA9 /* swiftDemoUITests */ = {
			isa = PBXNativeTarget;
			buildConfigurationList = 4FA500FD1E5AB81700588FA9 /* Build configuration list for PBXNativeTarget "swiftDemoUITests" */;
			buildPhases = (
				4FA500ED1E5AB81700588FA9 /* Sources */,
				4FA500EE1E5AB81700588FA9 /* Frameworks */,
				4FA500EF1E5AB81700588FA9 /* Resources */,
			);
			buildRules = (
			);
			dependencies = (
				4FA500F31E5AB81700588FA9 /* PBXTargetDependency */,
			);
			name = swiftDemoUITests;
			productName = swiftDemoUITests;
			productReference = 4FA500F11E5AB81700588FA9 /* swiftDemoUITests.xctest */;
			productType = "com.apple.product-type.bundle.ui-testing";
		};
/* End PBXNativeTarget section */

/* Begin PBXProject section */
		4FA500D51E5AB81700588FA9 /* Project object */ = {
			isa = PBXProject;
			attributes = {
				LastSwiftUpdateCheck = 0820;
				LastUpgradeCheck = 0820;
				ORGANIZATIONNAME = "牛高航";
				TargetAttributes = {
					4FA500DC1E5AB81700588FA9 = {
						CreatedOnToolsVersion = 8.2.1;
						ProvisioningStyle = Automatic;
					};
					4FA500F01E5AB81700588FA9 = {
						CreatedOnToolsVersion = 8.2.1;
						ProvisioningStyle = Automatic;
						TestTargetID = 4FA500DC1E5AB81700588FA9;
					};
				};
			};
			buildConfigurationList = 4FA500D81E5AB81700588FA9 /* Build configuration list for PBXProject "swiftDemo" */;
			compatibilityVersion = "Xcode 3.2";
			developmentRegion = English;
			hasScannedForEncodings = 0;
			knownRegions = (
				en,
				Base,
			);
			mainGroup = 4FA500D41E5AB81700588FA9;
			productRefGroup = 4FA500DE1E5AB81700588FA9 /* Products */;
			projectDirPath = "";
			projectRoot = "";
			targets = (
				4FA500DC1E5AB81700588FA9 /* swiftDemo */,
				4FA500F01E5AB81700588FA9 /* swiftDemoUITests */,
			);
		};
/* End PBXProject section */

/* Begin PBXResourcesBuildPhase section */
		4FA500DB1E5AB81700588FA9 /* Resources */ = {
			isa = PBXResourcesBuildPhase;
			buildActionMask = 2147483647;
			files = (
				4FA500EB1E5AB81700588FA9 /* LaunchScreen.storyboard in Resources */,
				4FA500E81E5AB81700588FA9 /* Assets.xcassets in Resources */,
				4FA500E61E5AB81700588FA9 /* Main.storyboard in Resources */,
			);
			runOnlyForDeploymentPostprocessing = 0;
		};
		4FA500EF1E5AB81700588FA9 /* Resources */ = {
			isa = PBXResourcesBuildPhase;
			buildActionMask = 2147483647;
			files = (
			);
			runOnlyForDeploymentPostprocessing = 0;
		};
/* End PBXResourcesBuildPhase section */

/* Begin PBXSourcesBuildPhase section */
		4FA500D91E5AB81700588FA9 /* Sources */ = {
			isa = PBXSourcesBuildPhase;
			buildActionMask = 2147483647;
			files = (
				4FA500E31E5AB81700588FA9 /* ViewController.swift in Sources */,
				4FA500E11E5AB81700588FA9 /* AppDelegate.swift in Sources */,
			);
			runOnlyForDeploymentPostprocessing = 0;
		};
		4FA500ED1E5AB81700588FA9 /* Sources */ = {
			isa = PBXSourcesBuildPhase;
			buildActionMask = 2147483647;
			files = (
				4FA500F61E5AB81700588FA9 /* swiftDemoUITests.swift in Sources */,
			);
			runOnlyForDeploymentPostprocessing = 0;
		};
/* End PBXSourcesBuildPhase section */

/* Begin PBXTargetDependency section */
		4FA500F31E5AB81700588FA9 /* PBXTargetDependency */ = {
			isa = PBXTargetDependency;
			target = 4FA500DC1E5AB81700588FA9 /* swiftDemo */;
			targetProxy = 4FA500F21E5AB81700588FA9 /* PBXContainerItemProxy */;
		};
/* End PBXTargetDependency section */

/* Begin PBXVariantGroup section */
		4FA500E41E5AB81700588FA9 /* Main.storyboard */ = {
			isa = PBXVariantGroup;
			children = (
				4FA500E51E5AB81700588FA9 /* Base */,
			);
			name = Main.storyboard;
			sourceTree = "<group>";
		};
		4FA500E91E5AB81700588FA9 /* LaunchScreen.storyboard */ = {
			isa = PBXVariantGroup;
			children = (
				4FA500EA1E5AB81700588FA9 /* Base */,
			);
			name = LaunchScreen.storyboard;
			sourceTree = "<group>";
		};
/* End PBXVariantGroup section */

/* Begin XCBuildConfiguration section */
		4FA500F81E5AB81700588FA9 /* Debug */ = {
			isa = XCBuildConfiguration;
			buildSettings = {
				ALWAYS_SEARCH_USER_PATHS = NO;
				CLANG_ANALYZER_NONNULL = YES;
				CLANG_CXX_LANGUAGE_STANDARD = "gnu++0x";
				CLANG_CXX_LIBRARY = "libc++";
				CLANG_ENABLE_MODULES = YES;
				CLANG_ENABLE_OBJC_ARC = YES;
				CLANG_WARN_BOOL_CONVERSION = YES;
				CLANG_WARN_CONSTANT_CONVERSION = YES;
				CLANG_WARN_DIRECT_OBJC_ISA_USAGE = YES_ERROR;
				CLANG_WARN_DOCUMENTATION_COMMENTS = YES;
				CLANG_WARN_EMPTY_BODY = YES;
				CLANG_WARN_ENUM_CONVERSION = YES;
				CLANG_WARN_INFINITE_RECURSION = YES;
				CLANG_WARN_INT_CONVERSION = YES;
				CLANG_WARN_OBJC_ROOT_CLASS = YES_ERROR;
				CLANG_WARN_SUSPICIOUS_MOVE = YES;
				CLANG_WARN_UNREACHABLE_CODE = YES;
				CLANG_WARN__DUPLICATE_METHOD_MATCH = YES;
				"CODE_SIGN_IDENTITY[sdk=iphoneos*]" = "iPhone Developer";
				COPY_PHASE_STRIP = NO;
				DEBUG_INFORMATION_FORMAT = dwarf;
				ENABLE_STRICT_OBJC_MSGSEND = YES;
				ENABLE_TESTABILITY = YES;
				GCC_C_LANGUAGE_STANDARD = gnu99;
				GCC_DYNAMIC_NO_PIC = NO;
				GCC_NO_COMMON_BLOCKS = YES;
				GCC_OPTIMIZATION_LEVEL = 0;
				GCC_PREPROCESSOR_DEFINITIONS = (
					"DEBUG=1",
					"$(inherited)",
				);
				GCC_WARN_64_TO_32_BIT_CONVERSION = YES;
				GCC_WARN_ABOUT_RETURN_TYPE = YES_ERROR;
				GCC_WARN_UNDECLARED_SELECTOR = YES;
				GCC_WARN_UNINITIALIZED_AUTOS = YES_AGGRESSIVE;
				GCC_WARN_UNUSED_FUNCTION = YES;
				GCC_WARN_UNUSED_VARIABLE = YES;
				IPHONEOS_DEPLOYMENT_TARGET = 10.2;
				MTL_ENABLE_DEBUG_INFO = YES;
				ONLY_ACTIVE_ARCH = YES;
				SDKROOT = iphoneos;
				SWIFT_ACTIVE_COMPILATION_CONDITIONS = DEBUG;
				SWIFT_OPTIMIZATION_LEVEL = "-Onone";
			};
			name = Debug;
		};
		4FA500F91E5AB81700588FA9 /* Release */ = {
			isa = XCBuildConfiguration;
			buildSettings = {
				ALWAYS_SEARCH_USER_PATHS = NO;
				CLANG_ANALYZER_NONNULL = YES;
				CLANG_CXX_LANGUAGE_STANDARD = "gnu++0x";
				CLANG_CXX_LIBRARY = "libc++";
				CLANG_ENABLE_MODULES = YES;
				CLANG_ENABLE_OBJC_ARC = YES;
				CLANG_WARN_BOOL_CONVERSION = YES;
				CLANG_WARN_CONSTANT_CONVERSION = YES;
				CLANG_WARN_DIRECT_OBJC_ISA_USAGE = YES_ERROR;
				CLANG_WARN_DOCUMENTATION_COMMENTS = YES;
				CLANG_WARN_EMPTY_BODY = YES;
				CLANG_WARN_ENUM_CONVERSION = YES;
				CLANG_WARN_INFINITE_RECURSION = YES;
				CLANG_WARN_INT_CONVERSION = YES;
				CLANG_WARN_OBJC_ROOT_CLASS = YES_ERROR;
				CLANG_WARN_SUSPICIOUS_MOVE = YES;
				CLANG_WARN_UNREACHABLE_CODE = YES;
				CLANG_WARN__DUPLICATE_METHOD_MATCH = YES;
				"CODE_SIGN_IDENTITY[sdk=iphoneos*]" = "iPhone Developer";
				COPY_PHASE_STRIP = NO;
				DEBUG_INFORMATION_FORMAT = "dwarf-with-dsym";
				ENABLE_NS_ASSERTIONS = NO;
				ENABLE_STRICT_OBJC_MSGSEND = YES;
				GCC_C_LANGUAGE_STANDARD = gnu99;
				GCC_NO_COMMON_BLOCKS = YES;
				GCC_WARN_64_TO_32_BIT_CONVERSION = YES;
				GCC_WARN_ABOUT_RETURN_TYPE = YES_ERROR;
				GCC_WARN_UNDECLARED_SELECTOR = YES;
				GCC_WARN_UNINITIALIZED_AUTOS = YES_AGGRESSIVE;
				GCC_WARN_UNUSED_FUNCTION = YES;
				GCC_WARN_UNUSED_VARIABLE = YES;
				IPHONEOS_DEPLOYMENT_TARGET = 10.2;
				MTL_ENABLE_DEBUG_INFO = NO;
				SDKROOT = iphoneos;
				SWIFT_OPTIMIZATION_LEVEL = "-Owholemodule";
				VALIDATE_PRODUCT = YES;
			};
			name = Release;
		};
		4FA500FB1E5AB81700588FA9 /* Debug */ = {
			isa = XCBuildConfiguration;
			buildSettings = {
				ASSETCATALOG_COMPILER_APPICON_NAME = AppIcon;
				INFOPLIST_FILE = swiftDemo/Info.plist;
				LD_RUNPATH_SEARCH_PATHS = "$(inherited) @executable_path/Frameworks";
				PRODUCT_BUNDLE_IDENTIFIER = com.MedSci.msyy.swiftDemo;
				PRODUCT_NAME = "$(TARGET_NAME)";
				SWIFT_VERSION = 3.0;
			};
			name = Debug;
		};
		4FA500FC1E5AB81700588FA9 /* Release */ = {
			isa = XCBuildConfiguration;
			buildSettings = {
				ASSETCATALOG_COMPILER_APPICON_NAME = AppIcon;
				INFOPLIST_FILE = swiftDemo/Info.plist;
				LD_RUNPATH_SEARCH_PATHS = "$(inherited) @executable_path/Frameworks";
				PRODUCT_BUNDLE_IDENTIFIER = com.MedSci.msyy.swiftDemo;
				PRODUCT_NAME = "$(TARGET_NAME)";
				SWIFT_VERSION = 3.0;
			};
			name = Release;
		};
		4FA500FE1E5AB81700588FA9 /* Debug */ = {
			isa = XCBuildConfiguration;
			buildSettings = {
				ALWAYS_EMBED_SWIFT_STANDARD_LIBRARIES = YES;
				INFOPLIST_FILE = swiftDemoUITests/Info.plist;
				LD_RUNPATH_SEARCH_PATHS = "$(inherited) @executable_path/Frameworks @loader_path/Frameworks";
				PRODUCT_BUNDLE_IDENTIFIER = com.MedSci.msyy.swiftDemoUITests;
				PRODUCT_NAME = "$(TARGET_NAME)";
				SWIFT_VERSION = 3.0;
				TEST_TARGET_NAME = swiftDemo;
			};
			name = Debug;
		};
		4FA500FF1E5AB81700588FA9 /* Release */ = {
			isa = XCBuildConfiguration;
			buildSettings = {
				ALWAYS_EMBED_SWIFT_STANDARD_LIBRARIES = YES;
				INFOPLIST_FILE = swiftDemoUITests/Info.plist;
				LD_RUNPATH_SEARCH_PATHS = "$(inherited) @executable_path/Frameworks @loader_path/Frameworks";
				PRODUCT_BUNDLE_IDENTIFIER = com.MedSci.msyy.swiftDemoUITests;
				PRODUCT_NAME = "$(TARGET_NAME)";
				SWIFT_VERSION = 3.0;
				TEST_TARGET_NAME = swiftDemo;
			};
			name = Release;
		};
/* End XCBuildConfiguration section */

/* Begin XCConfigurationList section */
		4FA500D81E5AB81700588FA9 /* Build configuration list for PBXProject "swiftDemo" */ = {
			isa = XCConfigurationList;
			buildConfigurations = (
				4FA500F81E5AB81700588FA9 /* Debug */,
				4FA500F91E5AB81700588FA9 /* Release */,
			);
			defaultConfigurationIsVisible = 0;
			defaultConfigurationName = Release;
		};
		4FA500FA1E5AB81700588FA9 /* Build configuration list for PBXNativeTarget "swiftDemo" */ = {
			isa = XCConfigurationList;
			buildConfigurations = (
				4FA500FB1E5AB81700588FA9 /* Debug */,
				4FA500FC1E5AB81700588FA9 /* Release */,
			);
			defaultConfigurationIsVisible = 0;
		};
		4FA500FD1E5AB81700588FA9 /* Build configuration list for PBXNativeTarget "swiftDemoUITests" */ = {
			isa = XCConfigurationList;
			buildConfigurations = (
				4FA500FE1E5AB81700588FA9 /* Debug */,
				4FA500FF1E5AB81700588FA9 /* Release */,
			);
			defaultConfigurationIsVisible = 0;
		};
/* End XCConfigurationList section */
	};
	rootObject = 4FA500D51E5AB81700588FA9 /* Project object */;
}
